
Microsoft Visual Studio Solution File, Format Version 10.00
# Visual Studio 2008
Project("{F184B08F-C81C-45F6-A57F-5ABD9991F28F}") = "BankAccountOO", "BankAccountOO\BankAccountOO.vbproj", "{C6EB3C3B-6F45-491C-ABAA-AD4EBB6C3D2A}"
EndProject
Global
	GlobalSection(SolutionConfigurationPlatforms) = preSolution
		Debug|Any CPU = Debug|Any CPU
		Release|Any CPU = Release|Any CPU
	EndGlobalSection
	GlobalSection(ProjectConfigurationPlatforms) = postSolution
		{C6EB3C3B-6F45-491C-ABAA-AD4EBB6C3D2A}.Debug|Any CPU.ActiveCfg = Debug|Any CPU
		{C6EB3C3B-6F45-491C-ABAA-AD4EBB6C3D2A}.Debug|Any CPU.Build.0 = Debug|Any CPU
		{C6EB3C3B-6F45-491C-ABAA-AD4EBB6C3D2A}.Release|Any CPU.ActiveCfg = Release|Any CPU
		{C6EB3C3B-6F45-491C-ABAA-AD4EBB6C3D2A}.Release|Any CPU.Build.0 = Release|Any CPU
	EndGlobalSection
	GlobalSection(SolutionProperties) = preSolution
		HideSolutionNode = FALSE
	EndGlobalSection
EndGlobal
